
Microsoft Visual Studio Solution File, Format Version 12.00
# Visual Studio Version 17
VisualStudioVersion = 17.3.32929.385
MinimumVisualStudioVersion = 10.0.40219.1
Project("{9A19103F-16F7-4668-BE54-9A1E7A4F7556}") = "AuthAPI", "AuthAPI\AuthAPI.csproj", "{5FF51D48-65AB-4350-9490-8238F5040D8B}"
EndProject
Project("{2150E333-8FDC-42A3-9474-1A3956D46DE8}") = "scripts", "scripts", "{3E7585E9-710F-4CE9-B1A8-B0C3E686D92D}"
	ProjectSection(SolutionItems) = preProject
		migration-add.ps1 = migration-add.ps1
		migration-apply.ps1 = migration-apply.ps1
	EndProjectSection
EndProject
Global
	GlobalSection(SolutionConfigurationPlatforms) = preSolution
		Debug|Any CPU = Debug|Any CPU
		Release|Any CPU = Release|Any CPU
	EndGlobalSection
	GlobalSection(ProjectConfigurationPlatforms) = postSolution
		{5FF51D48-65AB-4350-9490-8238F5040D8B}.Debug|Any CPU.ActiveCfg = Debug|Any CPU
		{5FF51D48-65AB-4350-9490-8238F5040D8B}.Debug|Any CPU.Build.0 = Debug|Any CPU
		{5FF51D48-65AB-4350-9490-8238F5040D8B}.Release|Any CPU.ActiveCfg = Release|Any CPU
		{5FF51D48-65AB-4350-9490-8238F5040D8B}.Release|Any CPU.Build.0 = Release|Any CPU
	EndGlobalSection
	GlobalSection(SolutionProperties) = preSolution
		HideSolutionNode = FALSE
	EndGlobalSection
	GlobalSection(ExtensibilityGlobals) = postSolution
		SolutionGuid = {672DC972-0C0D-4947-BDF6-D5B328FE401B}
	EndGlobalSection
EndGlobal
